
Microsoft Visual Studio Solution File, Format Version 12.00
# Visual Studio 15
VisualStudioVersion = 15.0.27130.2010
MinimumVisualStudioVersion = 10.0.40219.1
Project("{FAE04EC0-301F-11D3-BF4B-00C04F79EFBC}") = "Battle-Game", "Battle-Game\Battle-Game.csproj", "{7D058E3E-F107-4989-95CF-45D76C13A7D7}"
EndProject
Global
	GlobalSection(SolutionConfigurationPlatforms) = preSolution
		Debug|Any CPU = Debug|Any CPU
		Release|Any CPU = Release|Any CPU
	EndGlobalSection
	GlobalSection(ProjectConfigurationPlatforms) = postSolution
		{7D058E3E-F107-4989-95CF-45D76C13A7D7}.Debug|Any CPU.ActiveCfg = Debug|Any CPU
		{7D058E3E-F107-4989-95CF-45D76C13A7D7}.Debug|Any CPU.Build.0 = Debug|Any CPU
		{7D058E3E-F107-4989-95CF-45D76C13A7D7}.Release|Any CPU.ActiveCfg = Release|Any CPU
		{7D058E3E-F107-4989-95CF-45D76C13A7D7}.Release|Any CPU.Build.0 = Release|Any CPU
	EndGlobalSection
	GlobalSection(SolutionProperties) = preSolution
		HideSolutionNode = FALSE
	EndGlobalSection
	GlobalSection(ExtensibilityGlobals) = postSolution
		SolutionGuid = {490CD881-6B98-4809-A326-B5CA73BE108C}
	EndGlobalSection
EndGlobal
